
Microsoft Visual Studio Solution File, Format Version 12.00
# Visual Studio 15
VisualStudioVersion = 15.0.28307.271
MinimumVisualStudioVersion = 10.0.40219.1
Project("{FAE04EC0-301F-11D3-BF4B-00C04F79EFBC}") = "Histogram", "Histogram\Histogram.csproj", "{C21FF067-5EBA-4954-9790-246F3BF07346}"
EndProject
Global
	GlobalSection(SolutionConfigurationPlatforms) = preSolution
		Debug|Any CPU = Debug|Any CPU
		Release|Any CPU = Release|Any CPU
	EndGlobalSection
	GlobalSection(ProjectConfigurationPlatforms) = postSolution
		{C21FF067-5EBA-4954-9790-246F3BF07346}.Debug|Any CPU.ActiveCfg = Debug|Any CPU
		{C21FF067-5EBA-4954-9790-246F3BF07346}.Debug|Any CPU.Build.0 = Debug|Any CPU
		{C21FF067-5EBA-4954-9790-246F3BF07346}.Release|Any CPU.ActiveCfg = Release|Any CPU
		{C21FF067-5EBA-4954-9790-246F3BF07346}.Release|Any CPU.Build.0 = Release|Any CPU
	EndGlobalSection
	GlobalSection(SolutionProperties) = preSolution
		HideSolutionNode = FALSE
	EndGlobalSection
	GlobalSection(ExtensibilityGlobals) = postSolution
		SolutionGuid = {F9F8E0D5-3C10-4E3D-9BE9-0CCC2B4F43D3}
	EndGlobalSection
EndGlobal
